
Microsoft Visual Studio Solution File, Format Version 12.00
# Visual Studio Version 16
VisualStudioVersion = 16.0.30523.141
MinimumVisualStudioVersion = 10.0.40219.1
Project("{FAE04EC0-301F-11D3-BF4B-00C04F79EFBC}") = "WindowsFormsApp1", "WindowsFormsApp1\WindowsFormsApp1.csproj", "{CE2692CD-6961-4268-B58A-235B274A2B45}"
EndProject
Global
	GlobalSection(SolutionConfigurationPlatforms) = preSolution
		Debug|Any CPU = Debug|Any CPU
		Release|Any CPU = Release|Any CPU
	EndGlobalSection
	GlobalSection(ProjectConfigurationPlatforms) = postSolution
		{CE2692CD-6961-4268-B58A-235B274A2B45}.Debug|Any CPU.ActiveCfg = Debug|Any CPU
		{CE2692CD-6961-4268-B58A-235B274A2B45}.Debug|Any CPU.Build.0 = Debug|Any CPU
		{CE2692CD-6961-4268-B58A-235B274A2B45}.Release|Any CPU.ActiveCfg = Release|Any CPU
		{CE2692CD-6961-4268-B58A-235B274A2B45}.Release|Any CPU.Build.0 = Release|Any CPU
	EndGlobalSection
	GlobalSection(SolutionProperties) = preSolution
		HideSolutionNode = FALSE
	EndGlobalSection
	GlobalSection(ExtensibilityGlobals) = postSolution
		SolutionGuid = {20646646-A355-406E-8CF6-CF47DDFBFE87}
	EndGlobalSection
EndGlobal
